// !$*UTF8*$!
{
	archiveVersion = 1;
	classes = {
	};
	objectVersion = 46;
	objects = {

/* Begin PBXBuildFile section */
		063FAD571CBCFF3B005C0952 /* main.m in Sources */ = {isa = PBXBuildFile; fileRef = 063FAD561CBCFF3B005C0952 /* main.m */; };
		06463FD21CBE2721003F8562 /* People.m in Sources */ = {isa = PBXBuildFile; fileRef = 06463FD11CBE2721003F8562 /* People.m */; };
		0652DE491CC094EB00DEA388 /* People+height.m in Sources */ = {isa = PBXBuildFile; fileRef = 0652DE481CC094EB00DEA388 /* People+height.m */; };
		0652DE4C1CC0B79500DEA388 /* Archive.m in Sources */ = {isa = PBXBuildFile; fileRef = 0652DE4B1CC0B79500DEA388 /* Archive.m */; };
		0652DE4F1CC0BBE100DEA388 /* Model.m in Sources */ = {isa = PBXBuildFile; fileRef = 0652DE4E1CC0BBE100DEA388 /* Model.m */; };
		0652DE521CC0DB4F00DEA388 /* Bird.m in Sources */ = {isa = PBXBuildFile; fileRef = 0652DE511CC0DB4F00DEA388 /* Bird.m */; };
/* End PBXBuildFile section */

/* Begin PBXCopyFilesBuildPhase section */
		063FAD511CBCFF3B005C0952 /* CopyFiles */ = {
			isa = PBXCopyFilesBuildPhase;
			buildActionMask = 2147483647;
			dstPath = /usr/share/man/man1/;
			dstSubfolderSpec = 0;
			files = (
			);
			runOnlyForDeploymentPostprocessing = 1;
		};
/* End PBXCopyFilesBuildPhase section */

/* Begin PBXFileReference section */
		063FAD531CBCFF3B005C0952 /* RunTime */ = {isa = PBXFileReference; explicitFileType = "compiled.mach-o.executable"; includeInIndex = 0; path = RunTime; sourceTree = BUILT_PRODUCTS_DIR; };
		063FAD561CBCFF3B005C0952 /* main.m */ = {isa = PBXFileReference; lastKnownFileType = sourcecode.c.objc; path = main.m; sourceTree = "<group>"; };
		06463FD01CBE2721003F8562 /* People.h */ = {isa = PBXFileReference; fileEncoding = 4; lastKnownFileType = sourcecode.c.h; path = People.h; sourceTree = "<group>"; };
		06463FD11CBE2721003F8562 /* People.m */ = {isa = PBXFileReference; fileEncoding = 4; lastKnownFileType = sourcecode.c.objc; path = People.m; sourceTree = "<group>"; };
		0652DE471CC094EB00DEA388 /* People+height.h */ = {isa = PBXFileReference; fileEncoding = 4; lastKnownFileType = sourcecode.c.h; path = "People+height.h"; sourceTree = "<group>"; };
		0652DE481CC094EB00DEA388 /* People+height.m */ = {isa = PBXFileReference; fileEncoding = 4; lastKnownFileType = sourcecode.c.objc; path = "People+height.m"; sourceTree = "<group>"; };
		0652DE4A1CC0B79500DEA388 /* Archive.h */ = {isa = PBXFileReference; fileEncoding = 4; lastKnownFileType = sourcecode.c.h; path = Archive.h; sourceTree = "<group>"; };
		0652DE4B1CC0B79500DEA388 /* Archive.m */ = {isa = PBXFileReference; fileEncoding = 4; lastKnownFileType = sourcecode.c.objc; path = Archive.m; sourceTree = "<group>"; };
		0652DE4D1CC0BBE100DEA388 /* Model.h */ = {isa = PBXFileReference; fileEncoding = 4; lastKnownFileType = sourcecode.c.h; path = Model.h; sourceTree = "<group>"; };
		0652DE4E1CC0BBE100DEA388 /* Model.m */ = {isa = PBXFileReference; fileEncoding = 4; lastKnownFileType = sourcecode.c.objc; path = Model.m; sourceTree = "<group>"; };
		0652DE501CC0DB4F00DEA388 /* Bird.h */ = {isa = PBXFileReference; fileEncoding = 4; lastKnownFileType = sourcecode.c.h; path = Bird.h; sourceTree = "<group>"; };
		0652DE511CC0DB4F00DEA388 /* Bird.m */ = {isa = PBXFileReference; fileEncoding = 4; lastKnownFileType = sourcecode.c.objc; path = Bird.m; sourceTree = "<group>"; };
/* End PBXFileReference section */

/* Begin PBXFrameworksBuildPhase section */
		063FAD501CBCFF3B005C0952 /* Frameworks */ = {
			isa = PBXFrameworksBuildPhase;
			buildActionMask = 2147483647;
			files = (
			);
			runOnlyForDeploymentPostprocessing = 0;
		};
/* End PBXFrameworksBuildPhase section */

/* Begin PBXGroup section */
		063FAD4A1CBCFF3B005C0952 = {
			isa = PBXGroup;
			children = (
				063FAD551CBCFF3B005C0952 /* RunTime */,
				063FAD541CBCFF3B005C0952 /* Products */,
			);
			sourceTree = "<group>";
		};
		063FAD541CBCFF3B005C0952 /* Products */ = {
			isa = PBXGroup;
			children = (
				063FAD531CBCFF3B005C0952 /* RunTime */,
			);
			name = Products;
			sourceTree = "<group>";
		};
		063FAD551CBCFF3B005C0952 /* RunTime */ = {
			isa = PBXGroup;
			children = (
				063FAD561CBCFF3B005C0952 /* main.m */,
				06463FD01CBE2721003F8562 /* People.h */,
				06463FD11CBE2721003F8562 /* People.m */,
				0652DE471CC094EB00DEA388 /* People+height.h */,
				0652DE481CC094EB00DEA388 /* People+height.m */,
				0652DE4A1CC0B79500DEA388 /* Archive.h */,
				0652DE4B1CC0B79500DEA388 /* Archive.m */,
				0652DE4D1CC0BBE100DEA388 /* Model.h */,
				0652DE4E1CC0BBE100DEA388 /* Model.m */,
				0652DE501CC0DB4F00DEA388 /* Bird.h */,
				0652DE511CC0DB4F00DEA388 /* Bird.m */,
			);
			path = RunTime;
			sourceTree = "<group>";
		};
/* End PBXGroup section */

/* Begin PBXNativeTarget section */
		063FAD521CBCFF3B005C0952 /* RunTime */ = {
			isa = PBXNativeTarget;
			buildConfigurationList = 063FAD5A1CBCFF3B005C0952 /* Build configuration list for PBXNativeTarget "RunTime" */;
			buildPhases = (
				063FAD4F1CBCFF3B005C0952 /* Sources */,
				063FAD501CBCFF3B005C0952 /* Frameworks */,
				063FAD511CBCFF3B005C0952 /* CopyFiles */,
			);
			buildRules = (
			);
			dependencies = (
			);
			name = RunTime;
			productName = RunTime;
			productReference = 063FAD531CBCFF3B005C0952 /* RunTime */;
			productType = "com.apple.product-type.tool";
		};
/* End PBXNativeTarget section */

/* Begin PBXProject section */
		063FAD4B1CBCFF3B005C0952 /* Project object */ = {
			isa = PBXProject;
			attributes = {
				LastUpgradeCheck = 0720;
				ORGANIZATIONNAME = jyd;
				TargetAttributes = {
					063FAD521CBCFF3B005C0952 = {
						CreatedOnToolsVersion = 7.2;
					};
				};
			};
			buildConfigurationList = 063FAD4E1CBCFF3B005C0952 /* Build configuration list for PBXProject "RunTime" */;
			compatibilityVersion = "Xcode 3.2";
			developmentRegion = English;
			hasScannedForEncodings = 0;
			knownRegions = (
				en,
			);
			mainGroup = 063FAD4A1CBCFF3B005C0952;
			productRefGroup = 063FAD541CBCFF3B005C0952 /* Products */;
			projectDirPath = "";
			projectRoot = "";
			targets = (
				063FAD521CBCFF3B005C0952 /* RunTime */,
			);
		};
/* End PBXProject section */

/* Begin PBXSourcesBuildPhase section */
		063FAD4F1CBCFF3B005C0952 /* Sources */ = {
			isa = PBXSourcesBuildPhase;
			buildActionMask = 2147483647;
			files = (
				0652DE491CC094EB00DEA388 /* People+height.m in Sources */,
				06463FD21CBE2721003F8562 /* People.m in Sources */,
				0652DE521CC0DB4F00DEA388 /* Bird.m in Sources */,
				0652DE4C1CC0B79500DEA388 /* Archive.m in Sources */,
				063FAD571CBCFF3B005C0952 /* main.m in Sources */,
				0652DE4F1CC0BBE100DEA388 /* Model.m in Sources */,
			);
			runOnlyForDeploymentPostprocessing = 0;
		};
/* End PBXSourcesBuildPhase section */

/* Begin XCBuildConfiguration section */
		063FAD581CBCFF3B005C0952 /* Debug */ = {
			isa = XCBuildConfiguration;
			buildSettings = {
				ALWAYS_SEARCH_USER_PATHS = NO;
				CLANG_CXX_LANGUAGE_STANDARD = "gnu++0x";
				CLANG_CXX_LIBRARY = "libc++";
				CLANG_ENABLE_MODULES = YES;
				CLANG_ENABLE_OBJC_ARC = YES;
				CLANG_WARN_BOOL_CONVERSION = YES;
				CLANG_WARN_CONSTANT_CONVERSION = YES;
				CLANG_WARN_DIRECT_OBJC_ISA_USAGE = YES_ERROR;
				CLANG_WARN_EMPTY_BODY = YES;
				CLANG_WARN_ENUM_CONVERSION = YES;
				CLANG_WARN_INT_CONVERSION = YES;
				CLANG_WARN_OBJC_ROOT_CLASS = YES_ERROR;
				CLANG_WARN_UNREACHABLE_CODE = YES;
				CLANG_WARN__DUPLICATE_METHOD_MATCH = YES;
				CODE_SIGN_IDENTITY = "-";
				COPY_PHASE_STRIP = NO;
				DEBUG_INFORMATION_FORMAT = dwarf;
				ENABLE_STRICT_OBJC_MSGSEND = YES;
				ENABLE_TESTABILITY = YES;
				GCC_C_LANGUAGE_STANDARD = gnu99;
				GCC_DYNAMIC_NO_PIC = NO;
				GCC_NO_COMMON_BLOCKS = YES;
				GCC_OPTIMIZATION_LEVEL = 0;
				GCC_PREPROCESSOR_DEFINITIONS = (
					"DEBUG=1",
					"$(inherited)",
				);
				GCC_WARN_64_TO_32_BIT_CONVERSION = YES;
				GCC_WARN_ABOUT_RETURN_TYPE = YES_ERROR;
				GCC_WARN_UNDECLARED_SELECTOR = YES;
				GCC_WARN_UNINITIALIZED_AUTOS = YES_AGGRESSIVE;
				GCC_WARN_UNUSED_FUNCTION = YES;
				GCC_WARN_UNUSED_VARIABLE = YES;
				MACOSX_DEPLOYMENT_TARGET = 10.11;
				MTL_ENABLE_DEBUG_INFO = YES;
				ONLY_ACTIVE_ARCH = YES;
				SDKROOT = macosx;
			};
			name = Debug;
		};
		063FAD591CBCFF3B005C0952 /* Release */ = {
			isa = XCBuildConfiguration;
			buildSettings = {
				ALWAYS_SEARCH_USER_PATHS = NO;
				CLANG_CXX_LANGUAGE_STANDARD = "gnu++0x";
				CLANG_CXX_LIBRARY = "libc++";
				CLANG_ENABLE_MODULES = YES;
				CLANG_ENABLE_OBJC_ARC = YES;
				CLANG_WARN_BOOL_CONVERSION = YES;
				CLANG_WARN_CONSTANT_CONVERSION = YES;
				CLANG_WARN_DIRECT_OBJC_ISA_USAGE = YES_ERROR;
				CLANG_WARN_EMPTY_BODY = YES;
				CLANG_WARN_ENUM_CONVERSION = YES;
				CLANG_WARN_INT_CONVERSION = YES;
				CLANG_WARN_OBJC_ROOT_CLASS = YES_ERROR;
				CLANG_WARN_UNREACHABLE_CODE = YES;
				CLANG_WARN__DUPLICATE_METHOD_MATCH = YES;
				CODE_SIGN_IDENTITY = "-";
				COPY_PHASE_STRIP = NO;
				DEBUG_INFORMATION_FORMAT = "dwarf-with-dsym";
				ENABLE_NS_ASSERTIONS = NO;
				ENABLE_STRICT_OBJC_MSGSEND = YES;
				GCC_C_LANGUAGE_STANDARD = gnu99;
				GCC_NO_COMMON_BLOCKS = YES;
				GCC_WARN_64_TO_32_BIT_CONVERSION = YES;
				GCC_WARN_ABOUT_RETURN_TYPE = YES_ERROR;
				GCC_WARN_UNDECLARED_SELECTOR = YES;
				GCC_WARN_UNINITIALIZED_AUTOS = YES_AGGRESSIVE;
				GCC_WARN_UNUSED_FUNCTION = YES;
				GCC_WARN_UNUSED_VARIABLE = YES;
				MACOSX_DEPLOYMENT_TARGET = 10.11;
				MTL_ENABLE_DEBUG_INFO = NO;
				SDKROOT = macosx;
			};
			name = Release;
		};
		063FAD5B1CBCFF3B005C0952 /* Debug */ = {
			isa = XCBuildConfiguration;
			buildSettings = {
				ENABLE_STRICT_OBJC_MSGSEND = NO;
				PRODUCT_NAME = "$(TARGET_NAME)";
			};
			name = Debug;
		};
		063FAD5C1CBCFF3B005C0952 /* Release */ = {
			isa = XCBuildConfiguration;
			buildSettings = {
				ENABLE_STRICT_OBJC_MSGSEND = NO;
				PRODUCT_NAME = "$(TARGET_NAME)";
			};
			name = Release;
		};
/* End XCBuildConfiguration section */

/* Begin XCConfigurationList section */
		063FAD4E1CBCFF3B005C0952 /* Build configuration list for PBXProject "RunTime" */ = {
			isa = XCConfigurationList;
			buildConfigurations = (
				063FAD581CBCFF3B005C0952 /* Debug */,
				063FAD591CBCFF3B005C0952 /* Release */,
			);
			defaultConfigurationIsVisible = 0;
			defaultConfigurationName = Release;
		};
		063FAD5A1CBCFF3B005C0952 /* Build configuration list for PBXNativeTarget "RunTime" */ = {
			isa = XCConfigurationList;
			buildConfigurations = (
				063FAD5B1CBCFF3B005C0952 /* Debug */,
				063FAD5C1CBCFF3B005C0952 /* Release */,
			);
			defaultConfigurationIsVisible = 0;
			defaultConfigurationName = Release;
		};
/* End XCConfigurationList section */
	};
	rootObject = 063FAD4B1CBCFF3B005C0952 /* Project object */;
}
